// !$*UTF8*$!
{
	archiveVersion = 1;
	classes = {
	};
	objectVersion = 50;
	objects = {

/* Begin PBXBuildFile section */
		29030B9F2227E61200037265 /* CircleImage.swift in Sources */ = {isa = PBXBuildFile; fileRef = 29030B9E2227E61200037265 /* CircleImage.swift */; };
		29303667222A744C00400FCD /* ModalView.swift in Sources */ = {isa = PBXBuildFile; fileRef = 29303666222A744C00400FCD /* ModalView.swift */; };
		2949309F2223334B008F37C4 /* LoginVC.swift in Sources */ = {isa = PBXBuildFile; fileRef = 2949309E2223334B008F37C4 /* LoginVC.swift */; };
		2953B5592229C6B100EF9D25 /* ProfileVC.swift in Sources */ = {isa = PBXBuildFile; fileRef = 2953B5572229C6B100EF9D25 /* ProfileVC.swift */; };
		2953B55A2229C6B100EF9D25 /* ProfileVC.xib in Resources */ = {isa = PBXBuildFile; fileRef = 2953B5582229C6B100EF9D25 /* ProfileVC.xib */; };
		2954BE802226C5440026F128 /* AvatarPickerVC.swift in Sources */ = {isa = PBXBuildFile; fileRef = 2954BE7F2226C5440026F128 /* AvatarPickerVC.swift */; };
		2954BE822226C6EA0026F128 /* AvatarCell.swift in Sources */ = {isa = PBXBuildFile; fileRef = 2954BE812226C6EA0026F128 /* AvatarCell.swift */; };
		2961CE282222CD4300A69E44 /* Constants.swift in Sources */ = {isa = PBXBuildFile; fileRef = 2961CE272222CD4300A69E44 /* Constants.swift */; };
		2961CE2D2222D6F800A69E44 /* RegisterVC.swift in Sources */ = {isa = PBXBuildFile; fileRef = 2961CE2C2222D6F800A69E44 /* RegisterVC.swift */; };
		298273D4222292C000ED6A0C /* GradientView.swift in Sources */ = {isa = PBXBuildFile; fileRef = 298273D3222292C000ED6A0C /* GradientView.swift */; };
		299AA56F2221CD0200A656F6 /* ChatVC.swift in Sources */ = {isa = PBXBuildFile; fileRef = 299AA56E2221CD0200A656F6 /* ChatVC.swift */; };
		299AA5712221CD1600A656F6 /* ChannelVC.swift in Sources */ = {isa = PBXBuildFile; fileRef = 299AA5702221CD1600A656F6 /* ChannelVC.swift */; };
		299F78E122217D5300F833E9 /* AppDelegate.swift in Sources */ = {isa = PBXBuildFile; fileRef = 299F78E022217D5300F833E9 /* AppDelegate.swift */; };
		299F78E622217D5300F833E9 /* Main.storyboard in Resources */ = {isa = PBXBuildFile; fileRef = 299F78E422217D5300F833E9 /* Main.storyboard */; };
		299F78E822217D5400F833E9 /* Assets.xcassets in Resources */ = {isa = PBXBuildFile; fileRef = 299F78E722217D5400F833E9 /* Assets.xcassets */; };
		299F78EB22217D5400F833E9 /* LaunchScreen.storyboard in Resources */ = {isa = PBXBuildFile; fileRef = 299F78E922217D5400F833E9 /* LaunchScreen.storyboard */; };
		299F78F62221928A00F833E9 /* SWRevealViewController.m in Sources */ = {isa = PBXBuildFile; fileRef = 299F78F52221928A00F833E9 /* SWRevealViewController.m */; };
		29C0492622269045001207AA /* UserDataService.swift in Sources */ = {isa = PBXBuildFile; fileRef = 29C0492522269045001207AA /* UserDataService.swift */; };
		29D2373F22251AF5003194D5 /* AuthService.swift in Sources */ = {isa = PBXBuildFile; fileRef = 29D2373E22251AF5003194D5 /* AuthService.swift */; };
		29D237412225592D003194D5 /* RoundedButton.swift in Sources */ = {isa = PBXBuildFile; fileRef = 29D237402225592D003194D5 /* RoundedButton.swift */; };
		AFFD76362E3A8A5C6098A1E9 /* Pods_Smack.framework in Frameworks */ = {isa = PBXBuildFile; fileRef = 10F6A54D2B1813B98DEA60C8 /* Pods_Smack.framework */; };
/* End PBXBuildFile section */

/* Begin PBXFileReference section */
		10F6A54D2B1813B98DEA60C8 /* Pods_Smack.framework */ = {isa = PBXFileReference; explicitFileType = wrapper.framework; includeInIndex = 0; path = Pods_Smack.framework; sourceTree = BUILT_PRODUCTS_DIR; };
		29030B9E2227E61200037265 /* CircleImage.swift */ = {isa = PBXFileReference; lastKnownFileType = sourcecode.swift; path = CircleImage.swift; sourceTree = "<group>"; };
		29303666222A744C00400FCD /* ModalView.swift */ = {isa = PBXFileReference; lastKnownFileType = sourcecode.swift; path = ModalView.swift; sourceTree = "<group>"; };
		2949309E2223334B008F37C4 /* LoginVC.swift */ = {isa = PBXFileReference; lastKnownFileType = sourcecode.swift; path = LoginVC.swift; sourceTree = "<group>"; };
		2953B5572229C6B100EF9D25 /* ProfileVC.swift */ = {isa = PBXFileReference; lastKnownFileType = sourcecode.swift; path = ProfileVC.swift; sourceTree = "<group>"; };
		2953B5582229C6B100EF9D25 /* ProfileVC.xib */ = {isa = PBXFileReference; lastKnownFileType = file.xib; path = ProfileVC.xib; sourceTree = "<group>"; };
		2954BE7F2226C5440026F128 /* AvatarPickerVC.swift */ = {isa = PBXFileReference; lastKnownFileType = sourcecode.swift; path = AvatarPickerVC.swift; sourceTree = "<group>"; };
		2954BE812226C6EA0026F128 /* AvatarCell.swift */ = {isa = PBXFileReference; lastKnownFileType = sourcecode.swift; path = AvatarCell.swift; sourceTree = "<group>"; };
		2961CE272222CD4300A69E44 /* Constants.swift */ = {isa = PBXFileReference; lastKnownFileType = sourcecode.swift; path = Constants.swift; sourceTree = "<group>"; };
		2961CE2C2222D6F800A69E44 /* RegisterVC.swift */ = {isa = PBXFileReference; lastKnownFileType = sourcecode.swift; path = RegisterVC.swift; sourceTree = "<group>"; };
		298273D3222292C000ED6A0C /* GradientView.swift */ = {isa = PBXFileReference; lastKnownFileType = sourcecode.swift; path = GradientView.swift; sourceTree = "<group>"; };
		299AA56E2221CD0200A656F6 /* ChatVC.swift */ = {isa = PBXFileReference; lastKnownFileType = sourcecode.swift; path = ChatVC.swift; sourceTree = "<group>"; };
		299AA5702221CD1600A656F6 /* ChannelVC.swift */ = {isa = PBXFileReference; lastKnownFileType = sourcecode.swift; path = ChannelVC.swift; sourceTree = "<group>"; };
		299F78DD22217D5300F833E9 /* Smack.app */ = {isa = PBXFileReference; explicitFileType = wrapper.application; includeInIndex = 0; path = Smack.app; sourceTree = BUILT_PRODUCTS_DIR; };
		299F78E022217D5300F833E9 /* AppDelegate.swift */ = {isa = PBXFileReference; lastKnownFileType = sourcecode.swift; path = AppDelegate.swift; sourceTree = "<group>"; };
		299F78E522217D5300F833E9 /* Base */ = {isa = PBXFileReference; lastKnownFileType = file.storyboard; name = Base; path = Base.lproj/Main.storyboard; sourceTree = "<group>"; };
		299F78E722217D5400F833E9 /* Assets.xcassets */ = {isa = PBXFileReference; lastKnownFileType = folder.assetcatalog; path = Assets.xcassets; sourceTree = "<group>"; };
		299F78EA22217D5400F833E9 /* Base */ = {isa = PBXFileReference; lastKnownFileType = file.storyboard; name = Base; path = Base.lproj/LaunchScreen.storyboard; sourceTree = "<group>"; };
		299F78EC22217D5400F833E9 /* Info.plist */ = {isa = PBXFileReference; lastKnownFileType = text.plist.xml; path = Info.plist; sourceTree = "<group>"; };
		299F78F32221928900F833E9 /* Smack-Bridging-Header.h */ = {isa = PBXFileReference; lastKnownFileType = sourcecode.c.h; path = "Smack-Bridging-Header.h"; sourceTree = "<group>"; };
		299F78F42221928A00F833E9 /* SWRevealViewController.h */ = {isa = PBXFileReference; fileEncoding = 4; lastKnownFileType = sourcecode.c.h; path = SWRevealViewController.h; sourceTree = "<group>"; };
		299F78F52221928A00F833E9 /* SWRevealViewController.m */ = {isa = PBXFileReference; fileEncoding = 4; lastKnownFileType = sourcecode.c.objc; path = SWRevealViewController.m; sourceTree = "<group>"; };
		29C0492522269045001207AA /* UserDataService.swift */ = {isa = PBXFileReference; lastKnownFileType = sourcecode.swift; path = UserDataService.swift; sourceTree = "<group>"; };
		29D2373E22251AF5003194D5 /* AuthService.swift */ = {isa = PBXFileReference; lastKnownFileType = sourcecode.swift; path = AuthService.swift; sourceTree = "<group>"; };
		29D237402225592D003194D5 /* RoundedButton.swift */ = {isa = PBXFileReference; lastKnownFileType = sourcecode.swift; path = RoundedButton.swift; sourceTree = "<group>"; };
		7CDFA9C2D602F8F3A1C3B759 /* Pods-Smack.debug.xcconfig */ = {isa = PBXFileReference; includeInIndex = 1; lastKnownFileType = text.xcconfig; name = "Pods-Smack.debug.xcconfig"; path = "Pods/Target Support Files/Pods-Smack/Pods-Smack.debug.xcconfig"; sourceTree = "<group>"; };
		843B5F05A83BC05D1E45685D /* Pods-Smack.release.xcconfig */ = {isa = PBXFileReference; includeInIndex = 1; lastKnownFileType = text.xcconfig; name = "Pods-Smack.release.xcconfig"; path = "Pods/Target Support Files/Pods-Smack/Pods-Smack.release.xcconfig"; sourceTree = "<group>"; };
/* End PBXFileReference section */

/* Begin PBXFrameworksBuildPhase section */
		299F78DA22217D5300F833E9 /* Frameworks */ = {
			isa = PBXFrameworksBuildPhase;
			buildActionMask = 2147483647;
			files = (
				AFFD76362E3A8A5C6098A1E9 /* Pods_Smack.framework in Frameworks */,
			);
			runOnlyForDeploymentPostprocessing = 0;
		};
/* End PBXFrameworksBuildPhase section */

/* Begin PBXGroup section */
		2953B5522229B77500EF9D25 /* XIBs */ = {
			isa = PBXGroup;
			children = (
				2953B5582229C6B100EF9D25 /* ProfileVC.xib */,
			);
			path = XIBs;
			sourceTree = "<group>";
		};
		2961CE262222CD1A00A69E44 /* Utilities */ = {
			isa = PBXGroup;
			children = (
				2961CE272222CD4300A69E44 /* Constants.swift */,
			);
			path = Utilities;
			sourceTree = "<group>";
		};
		2961CE292222D68B00A69E44 /* Credential */ = {
			isa = PBXGroup;
			children = (
				2961CE2C2222D6F800A69E44 /* RegisterVC.swift */,
				2949309E2223334B008F37C4 /* LoginVC.swift */,
			);
			path = Credential;
			sourceTree = "<group>";
		};
		299AA56B2221CBA800A656F6 /* Controller */ = {
			isa = PBXGroup;
			children = (
				299F78E022217D5300F833E9 /* AppDelegate.swift */,
				2961CE292222D68B00A69E44 /* Credential */,
				299AA56E2221CD0200A656F6 /* ChatVC.swift */,
				299AA5702221CD1600A656F6 /* ChannelVC.swift */,
				2954BE7F2226C5440026F128 /* AvatarPickerVC.swift */,
				2953B5572229C6B100EF9D25 /* ProfileVC.swift */,
			);
			path = Controller;
			sourceTree = "<group>";
		};
		299AA56C2221CBB400A656F6 /* View */ = {
			isa = PBXGroup;
			children = (
				298273D3222292C000ED6A0C /* GradientView.swift */,
				29D237402225592D003194D5 /* RoundedButton.swift */,
				2954BE812226C6EA0026F128 /* AvatarCell.swift */,
				29030B9E2227E61200037265 /* CircleImage.swift */,
				29303666222A744C00400FCD /* ModalView.swift */,
			);
			path = View;
			sourceTree = "<group>";
		};
		299AA56D2221CBC000A656F6 /* Model */ = {
			isa = PBXGroup;
			children = (
			);
			path = Model;
			sourceTree = "<group>";
		};
		299F78D422217D5300F833E9 = {
			isa = PBXGroup;
			children = (
				299F78F2222191DE00F833E9 /* Supporting Files */,
				299F78DF22217D5300F833E9 /* Smack */,
				299F78DE22217D5300F833E9 /* Products */,
				B5920398FE09D21C73BD3D22 /* Pods */,
				37D9F6208FE94A29F83587DC /* Frameworks */,
			);
			sourceTree = "<group>";
		};
		299F78DE22217D5300F833E9 /* Products */ = {
			isa = PBXGroup;
			children = (
				299F78DD22217D5300F833E9 /* Smack.app */,
			);
			name = Products;
			sourceTree = "<group>";
		};
		299F78DF22217D5300F833E9 /* Smack */ = {
			isa = PBXGroup;
			children = (
				2953B5522229B77500EF9D25 /* XIBs */,
				299F78EC22217D5400F833E9 /* Info.plist */,
				29D2373D22251AC9003194D5 /* Services */,
				29D2373C22251AA1003194D5 /* Resources */,
				2961CE262222CD1A00A69E44 /* Utilities */,
				299AA56D2221CBC000A656F6 /* Model */,
				299AA56C2221CBB400A656F6 /* View */,
				299AA56B2221CBA800A656F6 /* Controller */,
			);
			path = Smack;
			sourceTree = "<group>";
		};
		299F78F2222191DE00F833E9 /* Supporting Files */ = {
			isa = PBXGroup;
			children = (
				299F78F42221928A00F833E9 /* SWRevealViewController.h */,
				299F78F52221928A00F833E9 /* SWRevealViewController.m */,
				299F78F32221928900F833E9 /* Smack-Bridging-Header.h */,
			);
			path = "Supporting Files";
			sourceTree = "<group>";
		};
		29D2373C22251AA1003194D5 /* Resources */ = {
			isa = PBXGroup;
			children = (
				299F78E422217D5300F833E9 /* Main.storyboard */,
				299F78E722217D5400F833E9 /* Assets.xcassets */,
				299F78E922217D5400F833E9 /* LaunchScreen.storyboard */,
			);
			path = Resources;
			sourceTree = "<group>";
		};
		29D2373D22251AC9003194D5 /* Services */ = {
			isa = PBXGroup;
			children = (
				29D2373E22251AF5003194D5 /* AuthService.swift */,
				29C0492522269045001207AA /* UserDataService.swift */,
			);
			path = Services;
			sourceTree = "<group>";
		};
		37D9F6208FE94A29F83587DC /* Frameworks */ = {
			isa = PBXGroup;
			children = (
				10F6A54D2B1813B98DEA60C8 /* Pods_Smack.framework */,
			);
			name = Frameworks;
			sourceTree = "<group>";
		};
		B5920398FE09D21C73BD3D22 /* Pods */ = {
			isa = PBXGroup;
			children = (
				7CDFA9C2D602F8F3A1C3B759 /* Pods-Smack.debug.xcconfig */,
				843B5F05A83BC05D1E45685D /* Pods-Smack.release.xcconfig */,
			);
			name = Pods;
			sourceTree = "<group>";
		};
/* End PBXGroup section */

/* Begin PBXNativeTarget section */
		299F78DC22217D5300F833E9 /* Smack */ = {
			isa = PBXNativeTarget;
			buildConfigurationList = 299F78EF22217D5400F833E9 /* Build configuration list for PBXNativeTarget "Smack" */;
			buildPhases = (
				89E221AA48AE0F570A20FB27 /* [CP] Check Pods Manifest.lock */,
				299F78D922217D5300F833E9 /* Sources */,
				299F78DA22217D5300F833E9 /* Frameworks */,
				299F78DB22217D5300F833E9 /* Resources */,
				66C5CC84E87E081364856ECA /* [CP] Embed Pods Frameworks */,
			);
			buildRules = (
			);
			dependencies = (
			);
			name = Smack;
			productName = Smack;
			productReference = 299F78DD22217D5300F833E9 /* Smack.app */;
			productType = "com.apple.product-type.application";
		};
/* End PBXNativeTarget section */

/* Begin PBXProject section */
		299F78D522217D5300F833E9 /* Project object */ = {
			isa = PBXProject;
			attributes = {
				LastSwiftUpdateCheck = 1010;
				LastUpgradeCheck = 1010;
				ORGANIZATIONNAME = "Amir Sharafkar";
				TargetAttributes = {
					299F78DC22217D5300F833E9 = {
						CreatedOnToolsVersion = 10.1;
						LastSwiftMigration = 1010;
					};
				};
			};
			buildConfigurationList = 299F78D822217D5300F833E9 /* Build configuration list for PBXProject "Smack" */;
			compatibilityVersion = "Xcode 9.3";
			developmentRegion = en;
			hasScannedForEncodings = 0;
			knownRegions = (
				en,
				Base,
			);
			mainGroup = 299F78D422217D5300F833E9;
			productRefGroup = 299F78DE22217D5300F833E9 /* Products */;
			projectDirPath = "";
			projectRoot = "";
			targets = (
				299F78DC22217D5300F833E9 /* Smack */,
			);
		};
/* End PBXProject section */

/* Begin PBXResourcesBuildPhase section */
		299F78DB22217D5300F833E9 /* Resources */ = {
			isa = PBXResourcesBuildPhase;
			buildActionMask = 2147483647;
			files = (
				2953B55A2229C6B100EF9D25 /* ProfileVC.xib in Resources */,
				299F78EB22217D5400F833E9 /* LaunchScreen.storyboard in Resources */,
				299F78E822217D5400F833E9 /* Assets.xcassets in Resources */,
				299F78E622217D5300F833E9 /* Main.storyboard in Resources */,
			);
			runOnlyForDeploymentPostprocessing = 0;
		};
/* End PBXResourcesBuildPhase section */

/* Begin PBXShellScriptBuildPhase section */
		66C5CC84E87E081364856ECA /* [CP] Embed Pods Frameworks */ = {
			isa = PBXShellScriptBuildPhase;
			buildActionMask = 2147483647;
			files = (
			);
			inputPaths = (
				"${SRCROOT}/Pods/Target Support Files/Pods-Smack/Pods-Smack-frameworks.sh",
				"${BUILT_PRODUCTS_DIR}/Alamofire/Alamofire.framework",
				"${BUILT_PRODUCTS_DIR}/Socket.IO-Client-Swift/SocketIO.framework",
				"${BUILT_PRODUCTS_DIR}/Starscream/Starscream.framework",
				"${BUILT_PRODUCTS_DIR}/SwiftyJSON/SwiftyJSON.framework",
			);
			name = "[CP] Embed Pods Frameworks";
			outputPaths = (
				"${TARGET_BUILD_DIR}/${FRAMEWORKS_FOLDER_PATH}/Alamofire.framework",
				"${TARGET_BUILD_DIR}/${FRAMEWORKS_FOLDER_PATH}/SocketIO.framework",
				"${TARGET_BUILD_DIR}/${FRAMEWORKS_FOLDER_PATH}/Starscream.framework",
				"${TARGET_BUILD_DIR}/${FRAMEWORKS_FOLDER_PATH}/SwiftyJSON.framework",
			);
			runOnlyForDeploymentPostprocessing = 0;
			shellPath = /bin/sh;
			shellScript = "\"${SRCROOT}/Pods/Target Support Files/Pods-Smack/Pods-Smack-frameworks.sh\"\n";
			showEnvVarsInLog = 0;
		};
		89E221AA48AE0F570A20FB27 /* [CP] Check Pods Manifest.lock */ = {
			isa = PBXShellScriptBuildPhase;
			buildActionMask = 2147483647;
			files = (
			);
			inputPaths = (
				"${PODS_PODFILE_DIR_PATH}/Podfile.lock",
				"${PODS_ROOT}/Manifest.lock",
			);
			name = "[CP] Check Pods Manifest.lock";
			outputPaths = (
				"$(DERIVED_FILE_DIR)/Pods-Smack-checkManifestLockResult.txt",
			);
			runOnlyForDeploymentPostprocessing = 0;
			shellPath = /bin/sh;
			shellScript = "diff \"${PODS_PODFILE_DIR_PATH}/Podfile.lock\" \"${PODS_ROOT}/Manifest.lock\" > /dev/null\nif [ $? != 0 ] ; then\n    # print error to STDERR\n    echo \"error: The sandbox is not in sync with the Podfile.lock. Run 'pod install' or update your CocoaPods installation.\" >&2\n    exit 1\nfi\n# This output is used by Xcode 'outputs' to avoid re-running this script phase.\necho \"SUCCESS\" > \"${SCRIPT_OUTPUT_FILE_0}\"\n";
			showEnvVarsInLog = 0;
		};
/* End PBXShellScriptBuildPhase section */

/* Begin PBXSourcesBuildPhase section */
		299F78D922217D5300F833E9 /* Sources */ = {
			isa = PBXSourcesBuildPhase;
			buildActionMask = 2147483647;
			files = (
				2953B5592229C6B100EF9D25 /* ProfileVC.swift in Sources */,
				299AA5712221CD1600A656F6 /* ChannelVC.swift in Sources */,
				29303667222A744C00400FCD /* ModalView.swift in Sources */,
				2954BE802226C5440026F128 /* AvatarPickerVC.swift in Sources */,
				29D237412225592D003194D5 /* RoundedButton.swift in Sources */,
				29030B9F2227E61200037265 /* CircleImage.swift in Sources */,
				299AA56F2221CD0200A656F6 /* ChatVC.swift in Sources */,
				29C0492622269045001207AA /* UserDataService.swift in Sources */,
				2949309F2223334B008F37C4 /* LoginVC.swift in Sources */,
				29D2373F22251AF5003194D5 /* AuthService.swift in Sources */,
				298273D4222292C000ED6A0C /* GradientView.swift in Sources */,
				299F78E122217D5300F833E9 /* AppDelegate.swift in Sources */,
				2954BE822226C6EA0026F128 /* AvatarCell.swift in Sources */,
				2961CE2D2222D6F800A69E44 /* RegisterVC.swift in Sources */,
				299F78F62221928A00F833E9 /* SWRevealViewController.m in Sources */,
				2961CE282222CD4300A69E44 /* Constants.swift in Sources */,
			);
			runOnlyForDeploymentPostprocessing = 0;
		};
/* End PBXSourcesBuildPhase section */

/* Begin PBXVariantGroup section */
		299F78E422217D5300F833E9 /* Main.storyboard */ = {
			isa = PBXVariantGroup;
			children = (
				299F78E522217D5300F833E9 /* Base */,
			);
			name = Main.storyboard;
			sourceTree = "<group>";
		};
		299F78E922217D5400F833E9 /* LaunchScreen.storyboard */ = {
			isa = PBXVariantGroup;
			children = (
				299F78EA22217D5400F833E9 /* Base */,
			);
			name = LaunchScreen.storyboard;
			sourceTree = "<group>";
		};
/* End PBXVariantGroup section */

/* Begin XCBuildConfiguration section */
		299F78ED22217D5400F833E9 /* Debug */ = {
			isa = XCBuildConfiguration;
			buildSettings = {
				ALWAYS_SEARCH_USER_PATHS = NO;
				CLANG_ANALYZER_NONNULL = YES;
				CLANG_ANALYZER_NUMBER_OBJECT_CONVERSION = YES_AGGRESSIVE;
				CLANG_CXX_LANGUAGE_STANDARD = "gnu++14";
				CLANG_CXX_LIBRARY = "libc++";
				CLANG_ENABLE_MODULES = YES;
				CLANG_ENABLE_OBJC_ARC = YES;
				CLANG_ENABLE_OBJC_WEAK = YES;
				CLANG_WARN_BLOCK_CAPTURE_AUTORELEASING = YES;
				CLANG_WARN_BOOL_CONVERSION = YES;
				CLANG_WARN_COMMA = YES;
				CLANG_WARN_CONSTANT_CONVERSION = YES;
				CLANG_WARN_DEPRECATED_OBJC_IMPLEMENTATIONS = YES;
				CLANG_WARN_DIRECT_OBJC_ISA_USAGE = YES_ERROR;
				CLANG_WARN_DOCUMENTATION_COMMENTS = YES;
				CLANG_WARN_EMPTY_BODY = YES;
				CLANG_WARN_ENUM_CONVERSION = YES;
				CLANG_WARN_INFINITE_RECURSION = YES;
				CLANG_WARN_INT_CONVERSION = YES;
				CLANG_WARN_NON_LITERAL_NULL_CONVERSION = YES;
				CLANG_WARN_OBJC_IMPLICIT_RETAIN_SELF = YES;
				CLANG_WARN_OBJC_LITERAL_CONVERSION = YES;
				CLANG_WARN_OBJC_ROOT_CLASS = YES_ERROR;
				CLANG_WARN_RANGE_LOOP_ANALYSIS = YES;
				CLANG_WARN_STRICT_PROTOTYPES = YES;
				CLANG_WARN_SUSPICIOUS_MOVE = YES;
				CLANG_WARN_UNGUARDED_AVAILABILITY = YES_AGGRESSIVE;
				CLANG_WARN_UNREACHABLE_CODE = YES;
				CLANG_WARN__DUPLICATE_METHOD_MATCH = YES;
				CODE_SIGN_IDENTITY = "iPhone Developer";
				COPY_PHASE_STRIP = NO;
				DEBUG_INFORMATION_FORMAT = dwarf;
				ENABLE_STRICT_OBJC_MSGSEND = YES;
				ENABLE_TESTABILITY = YES;
				GCC_C_LANGUAGE_STANDARD = gnu11;
				GCC_DYNAMIC_NO_PIC = NO;
				GCC_NO_COMMON_BLOCKS = YES;
				GCC_OPTIMIZATION_LEVEL = 0;
				GCC_PREPROCESSOR_DEFINITIONS = (
					"DEBUG=1",
					"$(inherited)",
				);
				GCC_WARN_64_TO_32_BIT_CONVERSION = YES;
				GCC_WARN_ABOUT_RETURN_TYPE = YES_ERROR;
				GCC_WARN_UNDECLARED_SELECTOR = YES;
				GCC_WARN_UNINITIALIZED_AUTOS = YES_AGGRESSIVE;
				GCC_WARN_UNUSED_FUNCTION = YES;
				GCC_WARN_UNUSED_VARIABLE = YES;
				IPHONEOS_DEPLOYMENT_TARGET = 12.1;
				MTL_ENABLE_DEBUG_INFO = INCLUDE_SOURCE;
				MTL_FAST_MATH = YES;
				ONLY_ACTIVE_ARCH = YES;
				SDKROOT = iphoneos;
				SWIFT_ACTIVE_COMPILATION_CONDITIONS = DEBUG;
				SWIFT_OPTIMIZATION_LEVEL = "-Onone";
			};
			name = Debug;
		};
		299F78EE22217D5400F833E9 /* Release */ = {
			isa = XCBuildConfiguration;
			buildSettings = {
				ALWAYS_SEARCH_USER_PATHS = NO;
				CLANG_ANALYZER_NONNULL = YES;
				CLANG_ANALYZER_NUMBER_OBJECT_CONVERSION = YES_AGGRESSIVE;
				CLANG_CXX_LANGUAGE_STANDARD = "gnu++14";
				CLANG_CXX_LIBRARY = "libc++";
				CLANG_ENABLE_MODULES = YES;
				CLANG_ENABLE_OBJC_ARC = YES;
				CLANG_ENABLE_OBJC_WEAK = YES;
				CLANG_WARN_BLOCK_CAPTURE_AUTORELEASING = YES;
				CLANG_WARN_BOOL_CONVERSION = YES;
				CLANG_WARN_COMMA = YES;
				CLANG_WARN_CONSTANT_CONVERSION = YES;
				CLANG_WARN_DEPRECATED_OBJC_IMPLEMENTATIONS = YES;
				CLANG_WARN_DIRECT_OBJC_ISA_USAGE = YES_ERROR;
				CLANG_WARN_DOCUMENTATION_COMMENTS = YES;
				CLANG_WARN_EMPTY_BODY = YES;
				CLANG_WARN_ENUM_CONVERSION = YES;
				CLANG_WARN_INFINITE_RECURSION = YES;
				CLANG_WARN_INT_CONVERSION = YES;
				CLANG_WARN_NON_LITERAL_NULL_CONVERSION = YES;
				CLANG_WARN_OBJC_IMPLICIT_RETAIN_SELF = YES;
				CLANG_WARN_OBJC_LITERAL_CONVERSION = YES;
				CLANG_WARN_OBJC_ROOT_CLASS = YES_ERROR;
				CLANG_WARN_RANGE_LOOP_ANALYSIS = YES;
				CLANG_WARN_STRICT_PROTOTYPES = YES;
				CLANG_WARN_SUSPICIOUS_MOVE = YES;
				CLANG_WARN_UNGUARDED_AVAILABILITY = YES_AGGRESSIVE;
				CLANG_WARN_UNREACHABLE_CODE = YES;
				CLANG_WARN__DUPLICATE_METHOD_MATCH = YES;
				CODE_SIGN_IDENTITY = "iPhone Developer";
				COPY_PHASE_STRIP = NO;
				DEBUG_INFORMATION_FORMAT = "dwarf-with-dsym";
				ENABLE_NS_ASSERTIONS = NO;
				ENABLE_STRICT_OBJC_MSGSEND = YES;
				GCC_C_LANGUAGE_STANDARD = gnu11;
				GCC_NO_COMMON_BLOCKS = YES;
				GCC_WARN_64_TO_32_BIT_CONVERSION = YES;
				GCC_WARN_ABOUT_RETURN_TYPE = YES_ERROR;
				GCC_WARN_UNDECLARED_SELECTOR = YES;
				GCC_WARN_UNINITIALIZED_AUTOS = YES_AGGRESSIVE;
				GCC_WARN_UNUSED_FUNCTION = YES;
				GCC_WARN_UNUSED_VARIABLE = YES;
				IPHONEOS_DEPLOYMENT_TARGET = 12.1;
				MTL_ENABLE_DEBUG_INFO = NO;
				MTL_FAST_MATH = YES;
				SDKROOT = iphoneos;
				SWIFT_COMPILATION_MODE = wholemodule;
				SWIFT_OPTIMIZATION_LEVEL = "-O";
				VALIDATE_PRODUCT = YES;
			};
			name = Release;
		};
		299F78F022217D5400F833E9 /* Debug */ = {
			isa = XCBuildConfiguration;
			baseConfigurationReference = 7CDFA9C2D602F8F3A1C3B759 /* Pods-Smack.debug.xcconfig */;
			buildSettings = {
				ASSETCATALOG_COMPILER_APPICON_NAME = AppIcon;
				ASSETCATALOG_COMPILER_LAUNCHIMAGE_NAME = LaunchImage;
				CLANG_ENABLE_MODULES = YES;
				CODE_SIGN_STYLE = Automatic;
				DEVELOPMENT_TEAM = 6783XEWDDV;
				INFOPLIST_FILE = Smack/Info.plist;
				LD_RUNPATH_SEARCH_PATHS = (
					"$(inherited)",
					"@executable_path/Frameworks",
				);
				PRODUCT_BUNDLE_IDENTIFIER = sharafkar.tutorial.smack.Smack;
				PRODUCT_NAME = "$(TARGET_NAME)";
				SWIFT_OBJC_BRIDGING_HEADER = "Supporting Files/Smack-Bridging-Header.h";
				SWIFT_OPTIMIZATION_LEVEL = "-Onone";
				SWIFT_VERSION = 4.2;
				TARGETED_DEVICE_FAMILY = "1,2";
			};
			name = Debug;
		};
		299F78F122217D5400F833E9 /* Release */ = {
			isa = XCBuildConfiguration;
			baseConfigurationReference = 843B5F05A83BC05D1E45685D /* Pods-Smack.release.xcconfig */;
			buildSettings = {
				ASSETCATALOG_COMPILER_APPICON_NAME = AppIcon;
				ASSETCATALOG_COMPILER_LAUNCHIMAGE_NAME = LaunchImage;
				CLANG_ENABLE_MODULES = YES;
				CODE_SIGN_STYLE = Automatic;
				DEVELOPMENT_TEAM = 6783XEWDDV;
				INFOPLIST_FILE = Smack/Info.plist;
				LD_RUNPATH_SEARCH_PATHS = (
					"$(inherited)",
					"@executable_path/Frameworks",
				);
				PRODUCT_BUNDLE_IDENTIFIER = sharafkar.tutorial.smack.Smack;
				PRODUCT_NAME = "$(TARGET_NAME)";
				SWIFT_OBJC_BRIDGING_HEADER = "Supporting Files/Smack-Bridging-Header.h";
				SWIFT_VERSION = 4.2;
				TARGETED_DEVICE_FAMILY = "1,2";
			};
			name = Release;
		};
/* End XCBuildConfiguration section */

/* Begin XCConfigurationList section */
		299F78D822217D5300F833E9 /* Build configuration list for PBXProject "Smack" */ = {
			isa = XCConfigurationList;
			buildConfigurations = (
				299F78ED22217D5400F833E9 /* Debug */,
				299F78EE22217D5400F833E9 /* Release */,
			);
			defaultConfigurationIsVisible = 0;
			defaultConfigurationName = Release;
		};
		299F78EF22217D5400F833E9 /* Build configuration list for PBXNativeTarget "Smack" */ = {
			isa = XCConfigurationList;
			buildConfigurations = (
				299F78F022217D5400F833E9 /* Debug */,
				299F78F122217D5400F833E9 /* Release */,
			);
			defaultConfigurationIsVisible = 0;
			defaultConfigurationName = Release;
		};
/* End XCConfigurationList section */
	};
	rootObject = 299F78D522217D5300F833E9 /* Project object */;
}
